
Microsoft Visual Studio Solution File, Format Version 12.00
# Visual Studio Version 16
VisualStudioVersion = 16.0.31624.102
MinimumVisualStudioVersion = 10.0.40219.1
Project("{2150E333-8FDC-42A3-9474-1A3956D46DE8}") = "Unit Tests", "Unit Tests", "{4E1E45BA-AFB7-4DE1-BCBD-AC2B83EB786C}"
EndProject
Project("{9A19103F-16F7-4668-BE54-9A1E7A4F7556}") = "CentauriReport.Shared", "CentauriReport.Shared\CentauriReport.Shared.csproj", "{63753219-B47D-4EFC-92CC-74B5AA7FC484}"
EndProject
Project("{9A19103F-16F7-4668-BE54-9A1E7A4F7556}") = "CentauriReport.API", "CentauriReport.API\CentauriReport.API.csproj", "{9E72A9F1-72C1-4FB3-905D-3BDCAEDAB97F}"
EndProject
Project("{9A19103F-16F7-4668-BE54-9A1E7A4F7556}") = "CentauriReport.Services", "CentauriReport.Services\CentauriReport.Services.csproj", "{2CF51DD2-2B35-4670-802F-CFEFF3AB078A}"
EndProject
Project("{FAE04EC0-301F-11D3-BF4B-00C04F79EFBC}") = "CentauriReport.Services.Test", "CentauriReport.Services.Test\CentauriReport.Services.Test.csproj", "{1E56DD57-47BC-4C9B-94A5-F223785C86DE}"
EndProject
Global
	GlobalSection(SolutionConfigurationPlatforms) = preSolution
		Debug|Any CPU = Debug|Any CPU
		Release|Any CPU = Release|Any CPU
	EndGlobalSection
	GlobalSection(ProjectConfigurationPlatforms) = postSolution
		{63753219-B47D-4EFC-92CC-74B5AA7FC484}.Debug|Any CPU.ActiveCfg = Debug|Any CPU
		{63753219-B47D-4EFC-92CC-74B5AA7FC484}.Debug|Any CPU.Build.0 = Debug|Any CPU
		{63753219-B47D-4EFC-92CC-74B5AA7FC484}.Release|Any CPU.ActiveCfg = Release|Any CPU
		{63753219-B47D-4EFC-92CC-74B5AA7FC484}.Release|Any CPU.Build.0 = Release|Any CPU
		{9E72A9F1-72C1-4FB3-905D-3BDCAEDAB97F}.Debug|Any CPU.ActiveCfg = Debug|Any CPU
		{9E72A9F1-72C1-4FB3-905D-3BDCAEDAB97F}.Debug|Any CPU.Build.0 = Debug|Any CPU
		{9E72A9F1-72C1-4FB3-905D-3BDCAEDAB97F}.Release|Any CPU.ActiveCfg = Release|Any CPU
		{9E72A9F1-72C1-4FB3-905D-3BDCAEDAB97F}.Release|Any CPU.Build.0 = Release|Any CPU
		{2CF51DD2-2B35-4670-802F-CFEFF3AB078A}.Debug|Any CPU.ActiveCfg = Debug|Any CPU
		{2CF51DD2-2B35-4670-802F-CFEFF3AB078A}.Debug|Any CPU.Build.0 = Debug|Any CPU
		{2CF51DD2-2B35-4670-802F-CFEFF3AB078A}.Release|Any CPU.ActiveCfg = Release|Any CPU
		{2CF51DD2-2B35-4670-802F-CFEFF3AB078A}.Release|Any CPU.Build.0 = Release|Any CPU
		{1E56DD57-47BC-4C9B-94A5-F223785C86DE}.Debug|Any CPU.ActiveCfg = Debug|Any CPU
		{1E56DD57-47BC-4C9B-94A5-F223785C86DE}.Debug|Any CPU.Build.0 = Debug|Any CPU
		{1E56DD57-47BC-4C9B-94A5-F223785C86DE}.Release|Any CPU.ActiveCfg = Release|Any CPU
		{1E56DD57-47BC-4C9B-94A5-F223785C86DE}.Release|Any CPU.Build.0 = Release|Any CPU
	EndGlobalSection
	GlobalSection(SolutionProperties) = preSolution
		HideSolutionNode = FALSE
	EndGlobalSection
	GlobalSection(NestedProjects) = preSolution
		{1E56DD57-47BC-4C9B-94A5-F223785C86DE} = {4E1E45BA-AFB7-4DE1-BCBD-AC2B83EB786C}
	EndGlobalSection
	GlobalSection(ExtensibilityGlobals) = postSolution
		SolutionGuid = {031DE2F8-201D-465E-A8D1-C12896B1098C}
	EndGlobalSection
EndGlobal
